
Microsoft Visual Studio Solution File, Format Version 12.00
# Visual Studio 15
VisualStudioVersion = 15.0.27428.2015
MinimumVisualStudioVersion = 10.0.40219.1
Project("{9A19103F-16F7-4668-BE54-9A1E7A4F7556}") = "UnitLibrary", "UnitLibrary\UnitLibrary.csproj", "{587505C4-ED0C-4BB2-A130-70014CCEA037}"
EndProject
Project("{9A19103F-16F7-4668-BE54-9A1E7A4F7556}") = "UnitTestISBN", "UnitTestISBN\UnitTestISBN.csproj", "{2F279793-0306-42F3-B74E-5CE66D506820}"
EndProject
Global
	GlobalSection(SolutionConfigurationPlatforms) = preSolution
		Debug|Any CPU = Debug|Any CPU
		Release|Any CPU = Release|Any CPU
	EndGlobalSection
	GlobalSection(ProjectConfigurationPlatforms) = postSolution
		{587505C4-ED0C-4BB2-A130-70014CCEA037}.Debug|Any CPU.ActiveCfg = Debug|Any CPU
		{587505C4-ED0C-4BB2-A130-70014CCEA037}.Debug|Any CPU.Build.0 = Debug|Any CPU
		{587505C4-ED0C-4BB2-A130-70014CCEA037}.Release|Any CPU.ActiveCfg = Release|Any CPU
		{587505C4-ED0C-4BB2-A130-70014CCEA037}.Release|Any CPU.Build.0 = Release|Any CPU
		{2F279793-0306-42F3-B74E-5CE66D506820}.Debug|Any CPU.ActiveCfg = Debug|Any CPU
		{2F279793-0306-42F3-B74E-5CE66D506820}.Debug|Any CPU.Build.0 = Debug|Any CPU
		{2F279793-0306-42F3-B74E-5CE66D506820}.Release|Any CPU.ActiveCfg = Release|Any CPU
		{2F279793-0306-42F3-B74E-5CE66D506820}.Release|Any CPU.Build.0 = Release|Any CPU
	EndGlobalSection
	GlobalSection(SolutionProperties) = preSolution
		HideSolutionNode = FALSE
	EndGlobalSection
	GlobalSection(ExtensibilityGlobals) = postSolution
		SolutionGuid = {28875961-5CD2-4420-9472-85823B6B0DD4}
	EndGlobalSection
EndGlobal
